
Microsoft Visual Studio Solution File, Format Version 12.00
# Visual Studio 15
VisualStudioVersion = 15.0.28010.2046
MinimumVisualStudioVersion = 10.0.40219.1
Project("{FAE04EC0-301F-11D3-BF4B-00C04F79EFBC}") = "WebAS", "WebAS-App\WebAS.csproj", "{4345B571-DD72-4725-A3E5-1F799ACDAA78}"
EndProject
Global
	GlobalSection(SolutionConfigurationPlatforms) = preSolution
		Debug|Any CPU = Debug|Any CPU
		Release|Any CPU = Release|Any CPU
	EndGlobalSection
	GlobalSection(ProjectConfigurationPlatforms) = postSolution
		{4345B571-DD72-4725-A3E5-1F799ACDAA78}.Debug|Any CPU.ActiveCfg = Debug|Any CPU
		{4345B571-DD72-4725-A3E5-1F799ACDAA78}.Debug|Any CPU.Build.0 = Debug|Any CPU
		{4345B571-DD72-4725-A3E5-1F799ACDAA78}.Release|Any CPU.ActiveCfg = Release|Any CPU
		{4345B571-DD72-4725-A3E5-1F799ACDAA78}.Release|Any CPU.Build.0 = Release|Any CPU
	EndGlobalSection
	GlobalSection(SolutionProperties) = preSolution
		HideSolutionNode = FALSE
	EndGlobalSection
	GlobalSection(ExtensibilityGlobals) = postSolution
		SolutionGuid = {4E89544B-4E2B-48EF-B520-06C4344750C1}
	EndGlobalSection
EndGlobal
